// !$*UTF8*$!
{
	archiveVersion = 1;
	classes = {
	};
	objectVersion = 56;
	objects = {

/* Begin PBXBuildFile section */
		D58005322A8EED3F0071E62A /* GPT_MessengerApp.swift in Sources */ = {isa = PBXBuildFile; fileRef = D58005312A8EED3F0071E62A /* GPT_MessengerApp.swift */; };
		D58005362A8EED3F0071E62A /* Assets.xcassets in Resources */ = {isa = PBXBuildFile; fileRef = D58005352A8EED3F0071E62A /* Assets.xcassets */; };
		D58005392A8EED3F0071E62A /* Preview Assets.xcassets in Resources */ = {isa = PBXBuildFile; fileRef = D58005382A8EED3F0071E62A /* Preview Assets.xcassets */; };
		D580054D2A8EED860071E62A /* ChatbotResponse.swift in Sources */ = {isa = PBXBuildFile; fileRef = D58005402A8EED860071E62A /* ChatbotResponse.swift */; };
		D580054E2A8EED860071E62A /* ChatViewModel.swift in Sources */ = {isa = PBXBuildFile; fileRef = D58005422A8EED860071E62A /* ChatViewModel.swift */; };
		D580054F2A8EED860071E62A /* TypingAnimationView.swift in Sources */ = {isa = PBXBuildFile; fileRef = D58005442A8EED860071E62A /* TypingAnimationView.swift */; };
		D58005502A8EED860071E62A /* LoadingAnimation.swift in Sources */ = {isa = PBXBuildFile; fileRef = D58005452A8EED860071E62A /* LoadingAnimation.swift */; };
		D58005512A8EED860071E62A /* ContentView.swift in Sources */ = {isa = PBXBuildFile; fileRef = D58005462A8EED860071E62A /* ContentView.swift */; };
		D58005522A8EED860071E62A /* MessageView.swift in Sources */ = {isa = PBXBuildFile; fileRef = D58005472A8EED860071E62A /* MessageView.swift */; };
		D58005532A8EED860071E62A /* APIClient.swift in Sources */ = {isa = PBXBuildFile; fileRef = D58005492A8EED860071E62A /* APIClient.swift */; };
		D58005542A8EED860071E62A /* APIManager.swift in Sources */ = {isa = PBXBuildFile; fileRef = D580054A2A8EED860071E62A /* APIManager.swift */; };
		D58005562A8EED860071E62A /* Endpoint.swift in Sources */ = {isa = PBXBuildFile; fileRef = D580054C2A8EED860071E62A /* Endpoint.swift */; };
/* End PBXBuildFile section */

/* Begin PBXFileReference section */
		D580052E2A8EED3F0071E62A /* GPT_Messenger.app */ = {isa = PBXFileReference; explicitFileType = wrapper.application; includeInIndex = 0; path = GPT_Messenger.app; sourceTree = BUILT_PRODUCTS_DIR; };
		D58005312A8EED3F0071E62A /* GPT_MessengerApp.swift */ = {isa = PBXFileReference; lastKnownFileType = sourcecode.swift; path = GPT_MessengerApp.swift; sourceTree = "<group>"; };
		D58005352A8EED3F0071E62A /* Assets.xcassets */ = {isa = PBXFileReference; lastKnownFileType = folder.assetcatalog; path = Assets.xcassets; sourceTree = "<group>"; };
		D58005382A8EED3F0071E62A /* Preview Assets.xcassets */ = {isa = PBXFileReference; lastKnownFileType = folder.assetcatalog; path = "Preview Assets.xcassets"; sourceTree = "<group>"; };
		D58005402A8EED860071E62A /* ChatbotResponse.swift */ = {isa = PBXFileReference; fileEncoding = 4; lastKnownFileType = sourcecode.swift; path = ChatbotResponse.swift; sourceTree = "<group>"; };
		D58005422A8EED860071E62A /* ChatViewModel.swift */ = {isa = PBXFileReference; fileEncoding = 4; lastKnownFileType = sourcecode.swift; path = ChatViewModel.swift; sourceTree = "<group>"; };
		D58005442A8EED860071E62A /* TypingAnimationView.swift */ = {isa = PBXFileReference; fileEncoding = 4; lastKnownFileType = sourcecode.swift; path = TypingAnimationView.swift; sourceTree = "<group>"; };
		D58005452A8EED860071E62A /* LoadingAnimation.swift */ = {isa = PBXFileReference; fileEncoding = 4; lastKnownFileType = sourcecode.swift; path = LoadingAnimation.swift; sourceTree = "<group>"; };
		D58005462A8EED860071E62A /* ContentView.swift */ = {isa = PBXFileReference; fileEncoding = 4; lastKnownFileType = sourcecode.swift; path = ContentView.swift; sourceTree = "<group>"; };
		D58005472A8EED860071E62A /* MessageView.swift */ = {isa = PBXFileReference; fileEncoding = 4; lastKnownFileType = sourcecode.swift; path = MessageView.swift; sourceTree = "<group>"; };
		D58005492A8EED860071E62A /* APIClient.swift */ = {isa = PBXFileReference; fileEncoding = 4; lastKnownFileType = sourcecode.swift; path = APIClient.swift; sourceTree = "<group>"; };
		D580054A2A8EED860071E62A /* APIManager.swift */ = {isa = PBXFileReference; fileEncoding = 4; lastKnownFileType = sourcecode.swift; path = APIManager.swift; sourceTree = "<group>"; };
		D580054C2A8EED860071E62A /* Endpoint.swift */ = {isa = PBXFileReference; fileEncoding = 4; lastKnownFileType = sourcecode.swift; path = Endpoint.swift; sourceTree = "<group>"; };
/* End PBXFileReference section */

/* Begin PBXFrameworksBuildPhase section */
		D580052B2A8EED3F0071E62A /* Frameworks */ = {
			isa = PBXFrameworksBuildPhase;
			buildActionMask = 2147483647;
			files = (
			);
			runOnlyForDeploymentPostprocessing = 0;
		};
/* End PBXFrameworksBuildPhase section */

/* Begin PBXGroup section */
		D58005252A8EED3F0071E62A = {
			isa = PBXGroup;
			children = (
				D58005302A8EED3F0071E62A /* GPT_Messenger */,
				D580052F2A8EED3F0071E62A /* Products */,
			);
			sourceTree = "<group>";
		};
		D580052F2A8EED3F0071E62A /* Products */ = {
			isa = PBXGroup;
			children = (
				D580052E2A8EED3F0071E62A /* GPT_Messenger.app */,
			);
			name = Products;
			sourceTree = "<group>";
		};
		D58005302A8EED3F0071E62A /* GPT_Messenger */ = {
			isa = PBXGroup;
			children = (
				D58005412A8EED860071E62A /* ChatViewModel */,
				D580053F2A8EED860071E62A /* Model */,
				D58005482A8EED860071E62A /* Network */,
				D58005432A8EED860071E62A /* Views */,
				D58005312A8EED3F0071E62A /* GPT_MessengerApp.swift */,
				D58005352A8EED3F0071E62A /* Assets.xcassets */,
				D58005372A8EED3F0071E62A /* Preview Content */,
			);
			path = GPT_Messenger;
			sourceTree = "<group>";
		};
		D58005372A8EED3F0071E62A /* Preview Content */ = {
			isa = PBXGroup;
			children = (
				D58005382A8EED3F0071E62A /* Preview Assets.xcassets */,
			);
			path = "Preview Content";
			sourceTree = "<group>";
		};
		D580053F2A8EED860071E62A /* Model */ = {
			isa = PBXGroup;
			children = (
				D58005402A8EED860071E62A /* ChatbotResponse.swift */,
			);
			path = Model;
			sourceTree = "<group>";
		};
		D58005412A8EED860071E62A /* ChatViewModel */ = {
			isa = PBXGroup;
			children = (
				D58005422A8EED860071E62A /* ChatViewModel.swift */,
			);
			path = ChatViewModel;
			sourceTree = "<group>";
		};
		D58005432A8EED860071E62A /* Views */ = {
			isa = PBXGroup;
			children = (
				D58005442A8EED860071E62A /* TypingAnimationView.swift */,
				D58005452A8EED860071E62A /* LoadingAnimation.swift */,
				D58005462A8EED860071E62A /* ContentView.swift */,
				D58005472A8EED860071E62A /* MessageView.swift */,
			);
			path = Views;
			sourceTree = "<group>";
		};
		D58005482A8EED860071E62A /* Network */ = {
			isa = PBXGroup;
			children = (
				D58005492A8EED860071E62A /* APIClient.swift */,
				D580054A2A8EED860071E62A /* APIManager.swift */,
				D580054C2A8EED860071E62A /* Endpoint.swift */,
			);
			path = Network;
			sourceTree = "<group>";
		};
/* End PBXGroup section */

/* Begin PBXNativeTarget section */
		D580052D2A8EED3F0071E62A /* GPT_Messenger */ = {
			isa = PBXNativeTarget;
			buildConfigurationList = D580053C2A8EED3F0071E62A /* Build configuration list for PBXNativeTarget "GPT_Messenger" */;
			buildPhases = (
				D580052A2A8EED3F0071E62A /* Sources */,
				D580052B2A8EED3F0071E62A /* Frameworks */,
				D580052C2A8EED3F0071E62A /* Resources */,
			);
			buildRules = (
			);
			dependencies = (
			);
			name = GPT_Messenger;
			productName = GPT_Messenger;
			productReference = D580052E2A8EED3F0071E62A /* GPT_Messenger.app */;
			productType = "com.apple.product-type.application";
		};
/* End PBXNativeTarget section */

/* Begin PBXProject section */
		D58005262A8EED3F0071E62A /* Project object */ = {
			isa = PBXProject;
			attributes = {
				BuildIndependentTargetsInParallel = 1;
				LastSwiftUpdateCheck = 1430;
				LastUpgradeCheck = 1430;
				TargetAttributes = {
					D580052D2A8EED3F0071E62A = {
						CreatedOnToolsVersion = 14.3.1;
					};
				};
			};
			buildConfigurationList = D58005292A8EED3F0071E62A /* Build configuration list for PBXProject "GPT_Messenger" */;
			compatibilityVersion = "Xcode 14.0";
			developmentRegion = en;
			hasScannedForEncodings = 0;
			knownRegions = (
				en,
				Base,
			);
			mainGroup = D58005252A8EED3F0071E62A;
			productRefGroup = D580052F2A8EED3F0071E62A /* Products */;
			projectDirPath = "";
			projectRoot = "";
			targets = (
				D580052D2A8EED3F0071E62A /* GPT_Messenger */,
			);
		};
/* End PBXProject section */

/* Begin PBXResourcesBuildPhase section */
		D580052C2A8EED3F0071E62A /* Resources */ = {
			isa = PBXResourcesBuildPhase;
			buildActionMask = 2147483647;
			files = (
				D58005392A8EED3F0071E62A /* Preview Assets.xcassets in Resources */,
				D58005362A8EED3F0071E62A /* Assets.xcassets in Resources */,
			);
			runOnlyForDeploymentPostprocessing = 0;
		};
/* End PBXResourcesBuildPhase section */

/* Begin PBXSourcesBuildPhase section */
		D580052A2A8EED3F0071E62A /* Sources */ = {
			isa = PBXSourcesBuildPhase;
			buildActionMask = 2147483647;
			files = (
				D580054D2A8EED860071E62A /* ChatbotResponse.swift in Sources */,
				D58005542A8EED860071E62A /* APIManager.swift in Sources */,
				D58005512A8EED860071E62A /* ContentView.swift in Sources */,
				D580054E2A8EED860071E62A /* ChatViewModel.swift in Sources */,
				D58005522A8EED860071E62A /* MessageView.swift in Sources */,
				D58005502A8EED860071E62A /* LoadingAnimation.swift in Sources */,
				D580054F2A8EED860071E62A /* TypingAnimationView.swift in Sources */,
				D58005322A8EED3F0071E62A /* GPT_MessengerApp.swift in Sources */,
				D58005562A8EED860071E62A /* Endpoint.swift in Sources */,
				D58005532A8EED860071E62A /* APIClient.swift in Sources */,
			);
			runOnlyForDeploymentPostprocessing = 0;
		};
/* End PBXSourcesBuildPhase section */

/* Begin XCBuildConfiguration section */
		D580053A2A8EED3F0071E62A /* Debug */ = {
			isa = XCBuildConfiguration;
			buildSettings = {
				ALWAYS_SEARCH_USER_PATHS = NO;
				CLANG_ANALYZER_NONNULL = YES;
				CLANG_ANALYZER_NUMBER_OBJECT_CONVERSION = YES_AGGRESSIVE;
				CLANG_CXX_LANGUAGE_STANDARD = "gnu++20";
				CLANG_ENABLE_MODULES = YES;
				CLANG_ENABLE_OBJC_ARC = YES;
				CLANG_ENABLE_OBJC_WEAK = YES;
				CLANG_WARN_BLOCK_CAPTURE_AUTORELEASING = YES;
				CLANG_WARN_BOOL_CONVERSION = YES;
				CLANG_WARN_COMMA = YES;
				CLANG_WARN_CONSTANT_CONVERSION = YES;
				CLANG_WARN_DEPRECATED_OBJC_IMPLEMENTATIONS = YES;
				CLANG_WARN_DIRECT_OBJC_ISA_USAGE = YES_ERROR;
				CLANG_WARN_DOCUMENTATION_COMMENTS = YES;
				CLANG_WARN_EMPTY_BODY = YES;
				CLANG_WARN_ENUM_CONVERSION = YES;
				CLANG_WARN_INFINITE_RECURSION = YES;
				CLANG_WARN_INT_CONVERSION = YES;
				CLANG_WARN_NON_LITERAL_NULL_CONVERSION = YES;
				CLANG_WARN_OBJC_IMPLICIT_RETAIN_SELF = YES;
				CLANG_WARN_OBJC_LITERAL_CONVERSION = YES;
				CLANG_WARN_OBJC_ROOT_CLASS = YES_ERROR;
				CLANG_WARN_QUOTED_INCLUDE_IN_FRAMEWORK_HEADER = YES;
				CLANG_WARN_RANGE_LOOP_ANALYSIS = YES;
				CLANG_WARN_STRICT_PROTOTYPES = YES;
				CLANG_WARN_SUSPICIOUS_MOVE = YES;
				CLANG_WARN_UNGUARDED_AVAILABILITY = YES_AGGRESSIVE;
				CLANG_WARN_UNREACHABLE_CODE = YES;
				CLANG_WARN__DUPLICATE_METHOD_MATCH = YES;
				COPY_PHASE_STRIP = NO;
				DEBUG_INFORMATION_FORMAT = dwarf;
				ENABLE_STRICT_OBJC_MSGSEND = YES;
				ENABLE_TESTABILITY = YES;
				GCC_C_LANGUAGE_STANDARD = gnu11;
				GCC_DYNAMIC_NO_PIC = NO;
				GCC_NO_COMMON_BLOCKS = YES;
				GCC_OPTIMIZATION_LEVEL = 0;
				GCC_PREPROCESSOR_DEFINITIONS = (
					"DEBUG=1",
					"$(inherited)",
				);
				GCC_WARN_64_TO_32_BIT_CONVERSION = YES;
				GCC_WARN_ABOUT_RETURN_TYPE = YES_ERROR;
				GCC_WARN_UNDECLARED_SELECTOR = YES;
				GCC_WARN_UNINITIALIZED_AUTOS = YES_AGGRESSIVE;
				GCC_WARN_UNUSED_FUNCTION = YES;
				GCC_WARN_UNUSED_VARIABLE = YES;
				IPHONEOS_DEPLOYMENT_TARGET = 16.4;
				MTL_ENABLE_DEBUG_INFO = INCLUDE_SOURCE;
				MTL_FAST_MATH = YES;
				ONLY_ACTIVE_ARCH = YES;
				SDKROOT = iphoneos;
				SWIFT_ACTIVE_COMPILATION_CONDITIONS = DEBUG;
				SWIFT_OPTIMIZATION_LEVEL = "-Onone";
			};
			name = Debug;
		};
		D580053B2A8EED3F0071E62A /* Release */ = {
			isa = XCBuildConfiguration;
			buildSettings = {
				ALWAYS_SEARCH_USER_PATHS = NO;
				CLANG_ANALYZER_NONNULL = YES;
				CLANG_ANALYZER_NUMBER_OBJECT_CONVERSION = YES_AGGRESSIVE;
				CLANG_CXX_LANGUAGE_STANDARD = "gnu++20";
				CLANG_ENABLE_MODULES = YES;
				CLANG_ENABLE_OBJC_ARC = YES;
				CLANG_ENABLE_OBJC_WEAK = YES;
				CLANG_WARN_BLOCK_CAPTURE_AUTORELEASING = YES;
				CLANG_WARN_BOOL_CONVERSION = YES;
				CLANG_WARN_COMMA = YES;
				CLANG_WARN_CONSTANT_CONVERSION = YES;
				CLANG_WARN_DEPRECATED_OBJC_IMPLEMENTATIONS = YES;
				CLANG_WARN_DIRECT_OBJC_ISA_USAGE = YES_ERROR;
				CLANG_WARN_DOCUMENTATION_COMMENTS = YES;
				CLANG_WARN_EMPTY_BODY = YES;
				CLANG_WARN_ENUM_CONVERSION = YES;
				CLANG_WARN_INFINITE_RECURSION = YES;
				CLANG_WARN_INT_CONVERSION = YES;
				CLANG_WARN_NON_LITERAL_NULL_CONVERSION = YES;
				CLANG_WARN_OBJC_IMPLICIT_RETAIN_SELF = YES;
				CLANG_WARN_OBJC_LITERAL_CONVERSION = YES;
				CLANG_WARN_OBJC_ROOT_CLASS = YES_ERROR;
				CLANG_WARN_QUOTED_INCLUDE_IN_FRAMEWORK_HEADER = YES;
				CLANG_WARN_RANGE_LOOP_ANALYSIS = YES;
				CLANG_WARN_STRICT_PROTOTYPES = YES;
				CLANG_WARN_SUSPICIOUS_MOVE = YES;
				CLANG_WARN_UNGUARDED_AVAILABILITY = YES_AGGRESSIVE;
				CLANG_WARN_UNREACHABLE_CODE = YES;
				CLANG_WARN__DUPLICATE_METHOD_MATCH = YES;
				COPY_PHASE_STRIP = NO;
				DEBUG_INFORMATION_FORMAT = "dwarf-with-dsym";
				ENABLE_NS_ASSERTIONS = NO;
				ENABLE_STRICT_OBJC_MSGSEND = YES;
				GCC_C_LANGUAGE_STANDARD = gnu11;
				GCC_NO_COMMON_BLOCKS = YES;
				GCC_WARN_64_TO_32_BIT_CONVERSION = YES;
				GCC_WARN_ABOUT_RETURN_TYPE = YES_ERROR;
				GCC_WARN_UNDECLARED_SELECTOR = YES;
				GCC_WARN_UNINITIALIZED_AUTOS = YES_AGGRESSIVE;
				GCC_WARN_UNUSED_FUNCTION = YES;
				GCC_WARN_UNUSED_VARIABLE = YES;
				IPHONEOS_DEPLOYMENT_TARGET = 16.4;
				MTL_ENABLE_DEBUG_INFO = NO;
				MTL_FAST_MATH = YES;
				SDKROOT = iphoneos;
				SWIFT_COMPILATION_MODE = wholemodule;
				SWIFT_OPTIMIZATION_LEVEL = "-O";
				VALIDATE_PRODUCT = YES;
			};
			name = Release;
		};
		D580053D2A8EED3F0071E62A /* Debug */ = {
			isa = XCBuildConfiguration;
			buildSettings = {
				ASSETCATALOG_COMPILER_APPICON_NAME = AppIcon;
				ASSETCATALOG_COMPILER_GLOBAL_ACCENT_COLOR_NAME = AccentColor;
				CODE_SIGN_STYLE = Automatic;
				CURRENT_PROJECT_VERSION = 1;
				DEVELOPMENT_ASSET_PATHS = "\"GPT_Messenger/Preview Content\"";
				ENABLE_PREVIEWS = YES;
				GENERATE_INFOPLIST_FILE = YES;
				INFOPLIST_KEY_UIApplicationSceneManifest_Generation = YES;
				INFOPLIST_KEY_UIApplicationSupportsIndirectInputEvents = YES;
				INFOPLIST_KEY_UILaunchScreen_Generation = YES;
				INFOPLIST_KEY_UISupportedInterfaceOrientations_iPad = "UIInterfaceOrientationPortrait UIInterfaceOrientationPortraitUpsideDown UIInterfaceOrientationLandscapeLeft UIInterfaceOrientationLandscapeRight";
				INFOPLIST_KEY_UISupportedInterfaceOrientations_iPhone = "UIInterfaceOrientationPortrait UIInterfaceOrientationLandscapeLeft UIInterfaceOrientationLandscapeRight";
				LD_RUNPATH_SEARCH_PATHS = (
					"$(inherited)",
					"@executable_path/Frameworks",
				);
				MARKETING_VERSION = 1.0;
				PRODUCT_BUNDLE_IDENTIFIER = "com.rouzbeh.GPT-Messenger";
				PRODUCT_NAME = "$(TARGET_NAME)";
				SWIFT_EMIT_LOC_STRINGS = YES;
				SWIFT_VERSION = 5.0;
				TARGETED_DEVICE_FAMILY = "1,2";
			};
			name = Debug;
		};
		D580053E2A8EED3F0071E62A /* Release */ = {
			isa = XCBuildConfiguration;
			buildSettings = {
				ASSETCATALOG_COMPILER_APPICON_NAME = AppIcon;
				ASSETCATALOG_COMPILER_GLOBAL_ACCENT_COLOR_NAME = AccentColor;
				CODE_SIGN_STYLE = Automatic;
				CURRENT_PROJECT_VERSION = 1;
				DEVELOPMENT_ASSET_PATHS = "\"GPT_Messenger/Preview Content\"";
				ENABLE_PREVIEWS = YES;
				GENERATE_INFOPLIST_FILE = YES;
				INFOPLIST_KEY_UIApplicationSceneManifest_Generation = YES;
				INFOPLIST_KEY_UIApplicationSupportsIndirectInputEvents = YES;
				INFOPLIST_KEY_UILaunchScreen_Generation = YES;
				INFOPLIST_KEY_UISupportedInterfaceOrientations_iPad = "UIInterfaceOrientationPortrait UIInterfaceOrientationPortraitUpsideDown UIInterfaceOrientationLandscapeLeft UIInterfaceOrientationLandscapeRight";
				INFOPLIST_KEY_UISupportedInterfaceOrientations_iPhone = "UIInterfaceOrientationPortrait UIInterfaceOrientationLandscapeLeft UIInterfaceOrientationLandscapeRight";
				LD_RUNPATH_SEARCH_PATHS = (
					"$(inherited)",
					"@executable_path/Frameworks",
				);
				MARKETING_VERSION = 1.0;
				PRODUCT_BUNDLE_IDENTIFIER = "com.rouzbeh.GPT-Messenger";
				PRODUCT_NAME = "$(TARGET_NAME)";
				SWIFT_EMIT_LOC_STRINGS = YES;
				SWIFT_VERSION = 5.0;
				TARGETED_DEVICE_FAMILY = "1,2";
			};
			name = Release;
		};
/* End XCBuildConfiguration section */

/* Begin XCConfigurationList section */
		D58005292A8EED3F0071E62A /* Build configuration list for PBXProject "GPT_Messenger" */ = {
			isa = XCConfigurationList;
			buildConfigurations = (
				D580053A2A8EED3F0071E62A /* Debug */,
				D580053B2A8EED3F0071E62A /* Release */,
			);
			defaultConfigurationIsVisible = 0;
			defaultConfigurationName = Release;
		};
		D580053C2A8EED3F0071E62A /* Build configuration list for PBXNativeTarget "GPT_Messenger" */ = {
			isa = XCConfigurationList;
			buildConfigurations = (
				D580053D2A8EED3F0071E62A /* Debug */,
				D580053E2A8EED3F0071E62A /* Release */,
			);
			defaultConfigurationIsVisible = 0;
			defaultConfigurationName = Release;
		};
/* End XCConfigurationList section */
	};
	rootObject = D58005262A8EED3F0071E62A /* Project object */;
}
